
Microsoft Visual Studio Solution File, Format Version 12.00
# Visual Studio 15
VisualStudioVersion = 15.0.28307.329
MinimumVisualStudioVersion = 10.0.40219.1
Project("{FAE04EC0-301F-11D3-BF4B-00C04F79EFBC}") = "contacto", "contacto\contacto.csproj", "{BA20C167-9B40-47BC-B3D8-50907CF8BB79}"
EndProject
Project("{FAE04EC0-301F-11D3-BF4B-00C04F79EFBC}") = "apiContact", "apiContact\apiContact.csproj", "{5C25A988-C47D-445C-827F-166B405DE565}"
EndProject
Project("{FAE04EC0-301F-11D3-BF4B-00C04F79EFBC}") = "appContacto.Android", "appContacto\appContacto.Android\appContacto.Android.csproj", "{A9502FDE-BDD6-4678-8CB5-D19DD184C164}"
EndProject
Project("{FAE04EC0-301F-11D3-BF4B-00C04F79EFBC}") = "appContacto.iOS", "appContacto\appContacto.iOS\appContacto.iOS.csproj", "{D0295E73-E06A-4261-BE07-6504C5DFB6F2}"
EndProject
Project("{9A19103F-16F7-4668-BE54-9A1E7A4F7556}") = "appContacto", "appContacto\appContacto\appContacto.csproj", "{8227EEBF-424C-45F0-B96A-8CF5D345B223}"
EndProject
Project("{FAE04EC0-301F-11D3-BF4B-00C04F79EFBC}") = "apiContactSecurity", "apiContactSecurity\apiContactSecurity.csproj", "{A34D168C-E421-441D-9ED8-F21ED78264A9}"
EndProject
Global
	GlobalSection(SolutionConfigurationPlatforms) = preSolution
		Ad-Hoc|Any CPU = Ad-Hoc|Any CPU
		Ad-Hoc|iPhone = Ad-Hoc|iPhone
		Ad-Hoc|iPhoneSimulator = Ad-Hoc|iPhoneSimulator
		AppStore|Any CPU = AppStore|Any CPU
		AppStore|iPhone = AppStore|iPhone
		AppStore|iPhoneSimulator = AppStore|iPhoneSimulator
		Debug|Any CPU = Debug|Any CPU
		Debug|iPhone = Debug|iPhone
		Debug|iPhoneSimulator = Debug|iPhoneSimulator
		Release|Any CPU = Release|Any CPU
		Release|iPhone = Release|iPhone
		Release|iPhoneSimulator = Release|iPhoneSimulator
	EndGlobalSection
	GlobalSection(ProjectConfigurationPlatforms) = postSolution
		{BA20C167-9B40-47BC-B3D8-50907CF8BB79}.Ad-Hoc|Any CPU.ActiveCfg = Release|Any CPU
		{BA20C167-9B40-47BC-B3D8-50907CF8BB79}.Ad-Hoc|Any CPU.Build.0 = Release|Any CPU
		{BA20C167-9B40-47BC-B3D8-50907CF8BB79}.Ad-Hoc|iPhone.ActiveCfg = Release|Any CPU
		{BA20C167-9B40-47BC-B3D8-50907CF8BB79}.Ad-Hoc|iPhone.Build.0 = Release|Any CPU
		{BA20C167-9B40-47BC-B3D8-50907CF8BB79}.Ad-Hoc|iPhoneSimulator.ActiveCfg = Release|Any CPU
		{BA20C167-9B40-47BC-B3D8-50907CF8BB79}.Ad-Hoc|iPhoneSimulator.Build.0 = Release|Any CPU
		{BA20C167-9B40-47BC-B3D8-50907CF8BB79}.AppStore|Any CPU.ActiveCfg = Release|Any CPU
		{BA20C167-9B40-47BC-B3D8-50907CF8BB79}.AppStore|Any CPU.Build.0 = Release|Any CPU
		{BA20C167-9B40-47BC-B3D8-50907CF8BB79}.AppStore|iPhone.ActiveCfg = Release|Any CPU
		{BA20C167-9B40-47BC-B3D8-50907CF8BB79}.AppStore|iPhone.Build.0 = Release|Any CPU
		{BA20C167-9B40-47BC-B3D8-50907CF8BB79}.AppStore|iPhoneSimulator.ActiveCfg = Release|Any CPU
		{BA20C167-9B40-47BC-B3D8-50907CF8BB79}.AppStore|iPhoneSimulator.Build.0 = Release|Any CPU
		{BA20C167-9B40-47BC-B3D8-50907CF8BB79}.Debug|Any CPU.ActiveCfg = Debug|Any CPU
		{BA20C167-9B40-47BC-B3D8-50907CF8BB79}.Debug|Any CPU.Build.0 = Debug|Any CPU
		{BA20C167-9B40-47BC-B3D8-50907CF8BB79}.Debug|iPhone.ActiveCfg = Debug|Any CPU
		{BA20C167-9B40-47BC-B3D8-50907CF8BB79}.Debug|iPhone.Build.0 = Debug|Any CPU
		{BA20C167-9B40-47BC-B3D8-50907CF8BB79}.Debug|iPhoneSimulator.ActiveCfg = Debug|Any CPU
		{BA20C167-9B40-47BC-B3D8-50907CF8BB79}.Debug|iPhoneSimulator.Build.0 = Debug|Any CPU
		{BA20C167-9B40-47BC-B3D8-50907CF8BB79}.Release|Any CPU.ActiveCfg = Release|Any CPU
		{BA20C167-9B40-47BC-B3D8-50907CF8BB79}.Release|Any CPU.Build.0 = Release|Any CPU
		{BA20C167-9B40-47BC-B3D8-50907CF8BB79}.Release|iPhone.ActiveCfg = Release|Any CPU
		{BA20C167-9B40-47BC-B3D8-50907CF8BB79}.Release|iPhone.Build.0 = Release|Any CPU
		{BA20C167-9B40-47BC-B3D8-50907CF8BB79}.Release|iPhoneSimulator.ActiveCfg = Release|Any CPU
		{BA20C167-9B40-47BC-B3D8-50907CF8BB79}.Release|iPhoneSimulator.Build.0 = Release|Any CPU
		{5C25A988-C47D-445C-827F-166B405DE565}.Ad-Hoc|Any CPU.ActiveCfg = Release|Any CPU
		{5C25A988-C47D-445C-827F-166B405DE565}.Ad-Hoc|Any CPU.Build.0 = Release|Any CPU
		{5C25A988-C47D-445C-827F-166B405DE565}.Ad-Hoc|iPhone.ActiveCfg = Release|Any CPU
		{5C25A988-C47D-445C-827F-166B405DE565}.Ad-Hoc|iPhone.Build.0 = Release|Any CPU
		{5C25A988-C47D-445C-827F-166B405DE565}.Ad-Hoc|iPhoneSimulator.ActiveCfg = Release|Any CPU
		{5C25A988-C47D-445C-827F-166B405DE565}.Ad-Hoc|iPhoneSimulator.Build.0 = Release|Any CPU
		{5C25A988-C47D-445C-827F-166B405DE565}.AppStore|Any CPU.ActiveCfg = Release|Any CPU
		{5C25A988-C47D-445C-827F-166B405DE565}.AppStore|Any CPU.Build.0 = Release|Any CPU
		{5C25A988-C47D-445C-827F-166B405DE565}.AppStore|iPhone.ActiveCfg = Release|Any CPU
		{5C25A988-C47D-445C-827F-166B405DE565}.AppStore|iPhone.Build.0 = Release|Any CPU
		{5C25A988-C47D-445C-827F-166B405DE565}.AppStore|iPhoneSimulator.ActiveCfg = Release|Any CPU
		{5C25A988-C47D-445C-827F-166B405DE565}.AppStore|iPhoneSimulator.Build.0 = Release|Any CPU
		{5C25A988-C47D-445C-827F-166B405DE565}.Debug|Any CPU.ActiveCfg = Debug|Any CPU
		{5C25A988-C47D-445C-827F-166B405DE565}.Debug|Any CPU.Build.0 = Debug|Any CPU
		{5C25A988-C47D-445C-827F-166B405DE565}.Debug|iPhone.ActiveCfg = Debug|Any CPU
		{5C25A988-C47D-445C-827F-166B405DE565}.Debug|iPhone.Build.0 = Debug|Any CPU
		{5C25A988-C47D-445C-827F-166B405DE565}.Debug|iPhoneSimulator.ActiveCfg = Debug|Any CPU
		{5C25A988-C47D-445C-827F-166B405DE565}.Debug|iPhoneSimulator.Build.0 = Debug|Any CPU
		{5C25A988-C47D-445C-827F-166B405DE565}.Release|Any CPU.ActiveCfg = Release|Any CPU
		{5C25A988-C47D-445C-827F-166B405DE565}.Release|Any CPU.Build.0 = Release|Any CPU
		{5C25A988-C47D-445C-827F-166B405DE565}.Release|iPhone.ActiveCfg = Release|Any CPU
		{5C25A988-C47D-445C-827F-166B405DE565}.Release|iPhone.Build.0 = Release|Any CPU
		{5C25A988-C47D-445C-827F-166B405DE565}.Release|iPhoneSimulator.ActiveCfg = Release|Any CPU
		{5C25A988-C47D-445C-827F-166B405DE565}.Release|iPhoneSimulator.Build.0 = Release|Any CPU
		{A9502FDE-BDD6-4678-8CB5-D19DD184C164}.Ad-Hoc|Any CPU.ActiveCfg = Release|Any CPU
		{A9502FDE-BDD6-4678-8CB5-D19DD184C164}.Ad-Hoc|Any CPU.Build.0 = Release|Any CPU
		{A9502FDE-BDD6-4678-8CB5-D19DD184C164}.Ad-Hoc|Any CPU.Deploy.0 = Release|Any CPU
		{A9502FDE-BDD6-4678-8CB5-D19DD184C164}.Ad-Hoc|iPhone.ActiveCfg = Release|Any CPU
		{A9502FDE-BDD6-4678-8CB5-D19DD184C164}.Ad-Hoc|iPhone.Build.0 = Release|Any CPU
		{A9502FDE-BDD6-4678-8CB5-D19DD184C164}.Ad-Hoc|iPhone.Deploy.0 = Release|Any CPU
		{A9502FDE-BDD6-4678-8CB5-D19DD184C164}.Ad-Hoc|iPhoneSimulator.ActiveCfg = Release|Any CPU
		{A9502FDE-BDD6-4678-8CB5-D19DD184C164}.Ad-Hoc|iPhoneSimulator.Build.0 = Release|Any CPU
		{A9502FDE-BDD6-4678-8CB5-D19DD184C164}.Ad-Hoc|iPhoneSimulator.Deploy.0 = Release|Any CPU
		{A9502FDE-BDD6-4678-8CB5-D19DD184C164}.AppStore|Any CPU.ActiveCfg = Release|Any CPU
		{A9502FDE-BDD6-4678-8CB5-D19DD184C164}.AppStore|Any CPU.Build.0 = Release|Any CPU
		{A9502FDE-BDD6-4678-8CB5-D19DD184C164}.AppStore|Any CPU.Deploy.0 = Release|Any CPU
		{A9502FDE-BDD6-4678-8CB5-D19DD184C164}.AppStore|iPhone.ActiveCfg = Release|Any CPU
		{A9502FDE-BDD6-4678-8CB5-D19DD184C164}.AppStore|iPhone.Build.0 = Release|Any CPU
		{A9502FDE-BDD6-4678-8CB5-D19DD184C164}.AppStore|iPhone.Deploy.0 = Release|Any CPU
		{A9502FDE-BDD6-4678-8CB5-D19DD184C164}.AppStore|iPhoneSimulator.ActiveCfg = Release|Any CPU
		{A9502FDE-BDD6-4678-8CB5-D19DD184C164}.AppStore|iPhoneSimulator.Build.0 = Release|Any CPU
		{A9502FDE-BDD6-4678-8CB5-D19DD184C164}.AppStore|iPhoneSimulator.Deploy.0 = Release|Any CPU
		{A9502FDE-BDD6-4678-8CB5-D19DD184C164}.Debug|Any CPU.ActiveCfg = Debug|Any CPU
		{A9502FDE-BDD6-4678-8CB5-D19DD184C164}.Debug|Any CPU.Build.0 = Debug|Any CPU
		{A9502FDE-BDD6-4678-8CB5-D19DD184C164}.Debug|Any CPU.Deploy.0 = Debug|Any CPU
		{A9502FDE-BDD6-4678-8CB5-D19DD184C164}.Debug|iPhone.ActiveCfg = Debug|Any CPU
		{A9502FDE-BDD6-4678-8CB5-D19DD184C164}.Debug|iPhone.Build.0 = Debug|Any CPU
		{A9502FDE-BDD6-4678-8CB5-D19DD184C164}.Debug|iPhone.Deploy.0 = Debug|Any CPU
		{A9502FDE-BDD6-4678-8CB5-D19DD184C164}.Debug|iPhoneSimulator.ActiveCfg = Debug|Any CPU
		{A9502FDE-BDD6-4678-8CB5-D19DD184C164}.Debug|iPhoneSimulator.Build.0 = Debug|Any CPU
		{A9502FDE-BDD6-4678-8CB5-D19DD184C164}.Debug|iPhoneSimulator.Deploy.0 = Debug|Any CPU
		{A9502FDE-BDD6-4678-8CB5-D19DD184C164}.Release|Any CPU.ActiveCfg = Release|Any CPU
		{A9502FDE-BDD6-4678-8CB5-D19DD184C164}.Release|Any CPU.Build.0 = Release|Any CPU
		{A9502FDE-BDD6-4678-8CB5-D19DD184C164}.Release|Any CPU.Deploy.0 = Release|Any CPU
		{A9502FDE-BDD6-4678-8CB5-D19DD184C164}.Release|iPhone.ActiveCfg = Release|Any CPU
		{A9502FDE-BDD6-4678-8CB5-D19DD184C164}.Release|iPhone.Build.0 = Release|Any CPU
		{A9502FDE-BDD6-4678-8CB5-D19DD184C164}.Release|iPhone.Deploy.0 = Release|Any CPU
		{A9502FDE-BDD6-4678-8CB5-D19DD184C164}.Release|iPhoneSimulator.ActiveCfg = Release|Any CPU
		{A9502FDE-BDD6-4678-8CB5-D19DD184C164}.Release|iPhoneSimulator.Build.0 = Release|Any CPU
		{A9502FDE-BDD6-4678-8CB5-D19DD184C164}.Release|iPhoneSimulator.Deploy.0 = Release|Any CPU
		{D0295E73-E06A-4261-BE07-6504C5DFB6F2}.Ad-Hoc|Any CPU.ActiveCfg = Ad-Hoc|iPhone
		{D0295E73-E06A-4261-BE07-6504C5DFB6F2}.Ad-Hoc|iPhone.ActiveCfg = Ad-Hoc|iPhone
		{D0295E73-E06A-4261-BE07-6504C5DFB6F2}.Ad-Hoc|iPhone.Build.0 = Ad-Hoc|iPhone
		{D0295E73-E06A-4261-BE07-6504C5DFB6F2}.Ad-Hoc|iPhoneSimulator.ActiveCfg = Ad-Hoc|iPhoneSimulator
		{D0295E73-E06A-4261-BE07-6504C5DFB6F2}.Ad-Hoc|iPhoneSimulator.Build.0 = Ad-Hoc|iPhoneSimulator
		{D0295E73-E06A-4261-BE07-6504C5DFB6F2}.AppStore|Any CPU.ActiveCfg = AppStore|iPhone
		{D0295E73-E06A-4261-BE07-6504C5DFB6F2}.AppStore|iPhone.ActiveCfg = AppStore|iPhone
		{D0295E73-E06A-4261-BE07-6504C5DFB6F2}.AppStore|iPhone.Build.0 = AppStore|iPhone
		{D0295E73-E06A-4261-BE07-6504C5DFB6F2}.AppStore|iPhoneSimulator.ActiveCfg = AppStore|iPhoneSimulator
		{D0295E73-E06A-4261-BE07-6504C5DFB6F2}.AppStore|iPhoneSimulator.Build.0 = AppStore|iPhoneSimulator
		{D0295E73-E06A-4261-BE07-6504C5DFB6F2}.Debug|Any CPU.ActiveCfg = Debug|iPhone
		{D0295E73-E06A-4261-BE07-6504C5DFB6F2}.Debug|iPhone.ActiveCfg = Debug|iPhone
		{D0295E73-E06A-4261-BE07-6504C5DFB6F2}.Debug|iPhone.Build.0 = Debug|iPhone
		{D0295E73-E06A-4261-BE07-6504C5DFB6F2}.Debug|iPhoneSimulator.ActiveCfg = Debug|iPhoneSimulator
		{D0295E73-E06A-4261-BE07-6504C5DFB6F2}.Debug|iPhoneSimulator.Build.0 = Debug|iPhoneSimulator
		{D0295E73-E06A-4261-BE07-6504C5DFB6F2}.Release|Any CPU.ActiveCfg = Release|iPhone
		{D0295E73-E06A-4261-BE07-6504C5DFB6F2}.Release|iPhone.ActiveCfg = Release|iPhone
		{D0295E73-E06A-4261-BE07-6504C5DFB6F2}.Release|iPhone.Build.0 = Release|iPhone
		{D0295E73-E06A-4261-BE07-6504C5DFB6F2}.Release|iPhoneSimulator.ActiveCfg = Release|iPhoneSimulator
		{D0295E73-E06A-4261-BE07-6504C5DFB6F2}.Release|iPhoneSimulator.Build.0 = Release|iPhoneSimulator
		{8227EEBF-424C-45F0-B96A-8CF5D345B223}.Ad-Hoc|Any CPU.ActiveCfg = Debug|Any CPU
		{8227EEBF-424C-45F0-B96A-8CF5D345B223}.Ad-Hoc|Any CPU.Build.0 = Debug|Any CPU
		{8227EEBF-424C-45F0-B96A-8CF5D345B223}.Ad-Hoc|iPhone.ActiveCfg = Debug|Any CPU
		{8227EEBF-424C-45F0-B96A-8CF5D345B223}.Ad-Hoc|iPhone.Build.0 = Debug|Any CPU
		{8227EEBF-424C-45F0-B96A-8CF5D345B223}.Ad-Hoc|iPhoneSimulator.ActiveCfg = Debug|Any CPU
		{8227EEBF-424C-45F0-B96A-8CF5D345B223}.Ad-Hoc|iPhoneSimulator.Build.0 = Debug|Any CPU
		{8227EEBF-424C-45F0-B96A-8CF5D345B223}.AppStore|Any CPU.ActiveCfg = Debug|Any CPU
		{8227EEBF-424C-45F0-B96A-8CF5D345B223}.AppStore|Any CPU.Build.0 = Debug|Any CPU
		{8227EEBF-424C-45F0-B96A-8CF5D345B223}.AppStore|iPhone.ActiveCfg = Debug|Any CPU
		{8227EEBF-424C-45F0-B96A-8CF5D345B223}.AppStore|iPhone.Build.0 = Debug|Any CPU
		{8227EEBF-424C-45F0-B96A-8CF5D345B223}.AppStore|iPhoneSimulator.ActiveCfg = Debug|Any CPU
		{8227EEBF-424C-45F0-B96A-8CF5D345B223}.AppStore|iPhoneSimulator.Build.0 = Debug|Any CPU
		{8227EEBF-424C-45F0-B96A-8CF5D345B223}.Debug|Any CPU.ActiveCfg = Debug|Any CPU
		{8227EEBF-424C-45F0-B96A-8CF5D345B223}.Debug|Any CPU.Build.0 = Debug|Any CPU
		{8227EEBF-424C-45F0-B96A-8CF5D345B223}.Debug|iPhone.ActiveCfg = Debug|Any CPU
		{8227EEBF-424C-45F0-B96A-8CF5D345B223}.Debug|iPhone.Build.0 = Debug|Any CPU
		{8227EEBF-424C-45F0-B96A-8CF5D345B223}.Debug|iPhoneSimulator.ActiveCfg = Debug|Any CPU
		{8227EEBF-424C-45F0-B96A-8CF5D345B223}.Debug|iPhoneSimulator.Build.0 = Debug|Any CPU
		{8227EEBF-424C-45F0-B96A-8CF5D345B223}.Release|Any CPU.ActiveCfg = Release|Any CPU
		{8227EEBF-424C-45F0-B96A-8CF5D345B223}.Release|Any CPU.Build.0 = Release|Any CPU
		{8227EEBF-424C-45F0-B96A-8CF5D345B223}.Release|iPhone.ActiveCfg = Release|Any CPU
		{8227EEBF-424C-45F0-B96A-8CF5D345B223}.Release|iPhone.Build.0 = Release|Any CPU
		{8227EEBF-424C-45F0-B96A-8CF5D345B223}.Release|iPhoneSimulator.ActiveCfg = Release|Any CPU
		{8227EEBF-424C-45F0-B96A-8CF5D345B223}.Release|iPhoneSimulator.Build.0 = Release|Any CPU
		{A34D168C-E421-441D-9ED8-F21ED78264A9}.Ad-Hoc|Any CPU.ActiveCfg = Release|Any CPU
		{A34D168C-E421-441D-9ED8-F21ED78264A9}.Ad-Hoc|Any CPU.Build.0 = Release|Any CPU
		{A34D168C-E421-441D-9ED8-F21ED78264A9}.Ad-Hoc|iPhone.ActiveCfg = Release|Any CPU
		{A34D168C-E421-441D-9ED8-F21ED78264A9}.Ad-Hoc|iPhone.Build.0 = Release|Any CPU
		{A34D168C-E421-441D-9ED8-F21ED78264A9}.Ad-Hoc|iPhoneSimulator.ActiveCfg = Release|Any CPU
		{A34D168C-E421-441D-9ED8-F21ED78264A9}.Ad-Hoc|iPhoneSimulator.Build.0 = Release|Any CPU
		{A34D168C-E421-441D-9ED8-F21ED78264A9}.AppStore|Any CPU.ActiveCfg = Release|Any CPU
		{A34D168C-E421-441D-9ED8-F21ED78264A9}.AppStore|Any CPU.Build.0 = Release|Any CPU
		{A34D168C-E421-441D-9ED8-F21ED78264A9}.AppStore|iPhone.ActiveCfg = Release|Any CPU
		{A34D168C-E421-441D-9ED8-F21ED78264A9}.AppStore|iPhone.Build.0 = Release|Any CPU
		{A34D168C-E421-441D-9ED8-F21ED78264A9}.AppStore|iPhoneSimulator.ActiveCfg = Release|Any CPU
		{A34D168C-E421-441D-9ED8-F21ED78264A9}.AppStore|iPhoneSimulator.Build.0 = Release|Any CPU
		{A34D168C-E421-441D-9ED8-F21ED78264A9}.Debug|Any CPU.ActiveCfg = Debug|Any CPU
		{A34D168C-E421-441D-9ED8-F21ED78264A9}.Debug|Any CPU.Build.0 = Debug|Any CPU
		{A34D168C-E421-441D-9ED8-F21ED78264A9}.Debug|iPhone.ActiveCfg = Debug|Any CPU
		{A34D168C-E421-441D-9ED8-F21ED78264A9}.Debug|iPhone.Build.0 = Debug|Any CPU
		{A34D168C-E421-441D-9ED8-F21ED78264A9}.Debug|iPhoneSimulator.ActiveCfg = Debug|Any CPU
		{A34D168C-E421-441D-9ED8-F21ED78264A9}.Debug|iPhoneSimulator.Build.0 = Debug|Any CPU
		{A34D168C-E421-441D-9ED8-F21ED78264A9}.Release|Any CPU.ActiveCfg = Release|Any CPU
		{A34D168C-E421-441D-9ED8-F21ED78264A9}.Release|Any CPU.Build.0 = Release|Any CPU
		{A34D168C-E421-441D-9ED8-F21ED78264A9}.Release|iPhone.ActiveCfg = Release|Any CPU
		{A34D168C-E421-441D-9ED8-F21ED78264A9}.Release|iPhone.Build.0 = Release|Any CPU
		{A34D168C-E421-441D-9ED8-F21ED78264A9}.Release|iPhoneSimulator.ActiveCfg = Release|Any CPU
		{A34D168C-E421-441D-9ED8-F21ED78264A9}.Release|iPhoneSimulator.Build.0 = Release|Any CPU
	EndGlobalSection
	GlobalSection(SolutionProperties) = preSolution
		HideSolutionNode = FALSE
	EndGlobalSection
	GlobalSection(ExtensibilityGlobals) = postSolution
		SolutionGuid = {C1912565-2633-4620-A7D1-EDC1B0BFDAE2}
	EndGlobalSection
EndGlobal
